
Microsoft Visual Studio Solution File, Format Version 12.00
# Visual Studio Version 17
VisualStudioVersion = 17.13.35723.152
MinimumVisualStudioVersion = 10.0.40219.1
Project("{FAE04EC0-301F-11D3-BF4B-00C04F79EFBC}") = "Abraham.RawDiskManager", "RawDiskManager\Abraham.RawDiskManager.csproj", "{0E384293-3254-4EBA-8352-82DD812CD367}"
EndProject
Project("{2150E333-8FDC-42A3-9474-1A3956D46DE8}") = "1 Nuget Package", "1 Nuget Package", "{02EA681E-C7D8-13C7-8484-4AC65E1B71E8}"
EndProject
Project("{2150E333-8FDC-42A3-9474-1A3956D46DE8}") = "2 Demos", "2 Demos", "{2A6E9CFF-C496-4C30-9576-A1DC7A940893}"
EndProject
Project("{FAE04EC0-301F-11D3-BF4B-00C04F79EFBC}") = "RawDiskManagerDemo2", "RawDiskManagerDemo2\RawDiskManagerDemo2.csproj", "{A396F121-39F8-4FAF-9923-15C471B50794}"
EndProject
Project("{FAE04EC0-301F-11D3-BF4B-00C04F79EFBC}") = "RawDiskManagerDemo3", "RawDiskManagerDemo3\RawDiskManagerDemo3.csproj", "{6652708B-B127-4A87-BC8C-5DBE01C85C79}"
EndProject
Project("{FAE04EC0-301F-11D3-BF4B-00C04F79EFBC}") = "RawDiskManagerDemo4", "RawDiskManagerDemo4\RawDiskManagerDemo4.csproj", "{009A5E84-132F-423F-8EBC-7967622440C1}"
EndProject
Project("{FAE04EC0-301F-11D3-BF4B-00C04F79EFBC}") = "RawDiskManagerDemo5", "RawDiskManagerDemo5\RawDiskManagerDemo5.csproj", "{3AFEB8BF-D5CA-43A4-90A1-0DB945D83739}"
EndProject
Project("{FAE04EC0-301F-11D3-BF4B-00C04F79EFBC}") = "RawDiskManagerDemo6", "RawDiskManagerDemo6\RawDiskManagerDemo6.csproj", "{2C913766-6E92-4BC6-92C6-D0E1AA3A606D}"
EndProject
Project("{FAE04EC0-301F-11D3-BF4B-00C04F79EFBC}") = "RawDiskManagerDemo7", "RawDiskManagerDemo7\RawDiskManagerDemo7.csproj", "{C0DC2032-011F-4784-9BD9-248A897C6454}"
EndProject
Project("{FAE04EC0-301F-11D3-BF4B-00C04F79EFBC}") = "RawDiskManagerDemo8", "RawDiskManagerDemo8\RawDiskManagerDemo8.csproj", "{A010B4CC-5601-4C6F-B5EA-F34CD062920E}"
EndProject
Project("{FAE04EC0-301F-11D3-BF4B-00C04F79EFBC}") = "RawDiskManagerDemo9", "RawDiskManagerDemo9\RawDiskManagerDemo9.csproj", "{9F073BC0-B31B-4175-AEF5-AD010367B5A2}"
EndProject
Project("{FAE04EC0-301F-11D3-BF4B-00C04F79EFBC}") = "RawDiskManagerDemoA", "RawDiskManagerDemoA\RawDiskManagerDemoA.csproj", "{31F5088D-628E-40F6-A914-76A1A3A9A6F2}"
EndProject
Project("{2150E333-8FDC-42A3-9474-1A3956D46DE8}") = "3 Solution items", "3 Solution items", "{509A315C-4C98-4D31-84C9-42D2927A8D96}"
	ProjectSection(SolutionItems) = preProject
		Ciridata.ico = Ciridata.ico
		Ciridata.png = Ciridata.png
		LICENSE.txt = LICENSE.txt
		README.md = README.md
	EndProjectSection
EndProject
Project("{FAE04EC0-301F-11D3-BF4B-00C04F79EFBC}") = "RawDiskManagerDemo1", "RawDiskManagerDemo1\RawDiskManagerDemo1.csproj", "{F48471BF-A75B-167E-DB55-CD299C081A15}"
EndProject
Global
	GlobalSection(SolutionConfigurationPlatforms) = preSolution
		Debug|Any CPU = Debug|Any CPU
		Release|Any CPU = Release|Any CPU
	EndGlobalSection
	GlobalSection(ProjectConfigurationPlatforms) = postSolution
		{0E384293-3254-4EBA-8352-82DD812CD367}.Debug|Any CPU.ActiveCfg = Debug|Any CPU
		{0E384293-3254-4EBA-8352-82DD812CD367}.Debug|Any CPU.Build.0 = Debug|Any CPU
		{0E384293-3254-4EBA-8352-82DD812CD367}.Release|Any CPU.ActiveCfg = Release|Any CPU
		{0E384293-3254-4EBA-8352-82DD812CD367}.Release|Any CPU.Build.0 = Release|Any CPU
		{A396F121-39F8-4FAF-9923-15C471B50794}.Debug|Any CPU.ActiveCfg = Debug|Any CPU
		{A396F121-39F8-4FAF-9923-15C471B50794}.Debug|Any CPU.Build.0 = Debug|Any CPU
		{A396F121-39F8-4FAF-9923-15C471B50794}.Release|Any CPU.ActiveCfg = Release|Any CPU
		{A396F121-39F8-4FAF-9923-15C471B50794}.Release|Any CPU.Build.0 = Release|Any CPU
		{6652708B-B127-4A87-BC8C-5DBE01C85C79}.Debug|Any CPU.ActiveCfg = Debug|Any CPU
		{6652708B-B127-4A87-BC8C-5DBE01C85C79}.Debug|Any CPU.Build.0 = Debug|Any CPU
		{6652708B-B127-4A87-BC8C-5DBE01C85C79}.Release|Any CPU.ActiveCfg = Release|Any CPU
		{6652708B-B127-4A87-BC8C-5DBE01C85C79}.Release|Any CPU.Build.0 = Release|Any CPU
		{009A5E84-132F-423F-8EBC-7967622440C1}.Debug|Any CPU.ActiveCfg = Debug|Any CPU
		{009A5E84-132F-423F-8EBC-7967622440C1}.Debug|Any CPU.Build.0 = Debug|Any CPU
		{009A5E84-132F-423F-8EBC-7967622440C1}.Release|Any CPU.ActiveCfg = Release|Any CPU
		{009A5E84-132F-423F-8EBC-7967622440C1}.Release|Any CPU.Build.0 = Release|Any CPU
		{3AFEB8BF-D5CA-43A4-90A1-0DB945D83739}.Debug|Any CPU.ActiveCfg = Debug|Any CPU
		{3AFEB8BF-D5CA-43A4-90A1-0DB945D83739}.Debug|Any CPU.Build.0 = Debug|Any CPU
		{3AFEB8BF-D5CA-43A4-90A1-0DB945D83739}.Release|Any CPU.ActiveCfg = Release|Any CPU
		{3AFEB8BF-D5CA-43A4-90A1-0DB945D83739}.Release|Any CPU.Build.0 = Release|Any CPU
		{2C913766-6E92-4BC6-92C6-D0E1AA3A606D}.Debug|Any CPU.ActiveCfg = Debug|Any CPU
		{2C913766-6E92-4BC6-92C6-D0E1AA3A606D}.Debug|Any CPU.Build.0 = Debug|Any CPU
		{2C913766-6E92-4BC6-92C6-D0E1AA3A606D}.Release|Any CPU.ActiveCfg = Release|Any CPU
		{2C913766-6E92-4BC6-92C6-D0E1AA3A606D}.Release|Any CPU.Build.0 = Release|Any CPU
		{C0DC2032-011F-4784-9BD9-248A897C6454}.Debug|Any CPU.ActiveCfg = Debug|Any CPU
		{C0DC2032-011F-4784-9BD9-248A897C6454}.Debug|Any CPU.Build.0 = Debug|Any CPU
		{C0DC2032-011F-4784-9BD9-248A897C6454}.Release|Any CPU.ActiveCfg = Release|Any CPU
		{C0DC2032-011F-4784-9BD9-248A897C6454}.Release|Any CPU.Build.0 = Release|Any CPU
		{A010B4CC-5601-4C6F-B5EA-F34CD062920E}.Debug|Any CPU.ActiveCfg = Debug|Any CPU
		{A010B4CC-5601-4C6F-B5EA-F34CD062920E}.Debug|Any CPU.Build.0 = Debug|Any CPU
		{A010B4CC-5601-4C6F-B5EA-F34CD062920E}.Release|Any CPU.ActiveCfg = Release|Any CPU
		{A010B4CC-5601-4C6F-B5EA-F34CD062920E}.Release|Any CPU.Build.0 = Release|Any CPU
		{9F073BC0-B31B-4175-AEF5-AD010367B5A2}.Debug|Any CPU.ActiveCfg = Debug|Any CPU
		{9F073BC0-B31B-4175-AEF5-AD010367B5A2}.Debug|Any CPU.Build.0 = Debug|Any CPU
		{9F073BC0-B31B-4175-AEF5-AD010367B5A2}.Release|Any CPU.ActiveCfg = Release|Any CPU
		{9F073BC0-B31B-4175-AEF5-AD010367B5A2}.Release|Any CPU.Build.0 = Release|Any CPU
		{31F5088D-628E-40F6-A914-76A1A3A9A6F2}.Debug|Any CPU.ActiveCfg = Debug|Any CPU
		{31F5088D-628E-40F6-A914-76A1A3A9A6F2}.Debug|Any CPU.Build.0 = Debug|Any CPU
		{31F5088D-628E-40F6-A914-76A1A3A9A6F2}.Release|Any CPU.ActiveCfg = Release|Any CPU
		{31F5088D-628E-40F6-A914-76A1A3A9A6F2}.Release|Any CPU.Build.0 = Release|Any CPU
		{F48471BF-A75B-167E-DB55-CD299C081A15}.Debug|Any CPU.ActiveCfg = Debug|Any CPU
		{F48471BF-A75B-167E-DB55-CD299C081A15}.Debug|Any CPU.Build.0 = Debug|Any CPU
		{F48471BF-A75B-167E-DB55-CD299C081A15}.Release|Any CPU.ActiveCfg = Release|Any CPU
		{F48471BF-A75B-167E-DB55-CD299C081A15}.Release|Any CPU.Build.0 = Release|Any CPU
	EndGlobalSection
	GlobalSection(SolutionProperties) = preSolution
		HideSolutionNode = FALSE
	EndGlobalSection
	GlobalSection(NestedProjects) = preSolution
		{0E384293-3254-4EBA-8352-82DD812CD367} = {02EA681E-C7D8-13C7-8484-4AC65E1B71E8}
		{A396F121-39F8-4FAF-9923-15C471B50794} = {2A6E9CFF-C496-4C30-9576-A1DC7A940893}
		{6652708B-B127-4A87-BC8C-5DBE01C85C79} = {2A6E9CFF-C496-4C30-9576-A1DC7A940893}
		{009A5E84-132F-423F-8EBC-7967622440C1} = {2A6E9CFF-C496-4C30-9576-A1DC7A940893}
		{3AFEB8BF-D5CA-43A4-90A1-0DB945D83739} = {2A6E9CFF-C496-4C30-9576-A1DC7A940893}
		{2C913766-6E92-4BC6-92C6-D0E1AA3A606D} = {2A6E9CFF-C496-4C30-9576-A1DC7A940893}
		{C0DC2032-011F-4784-9BD9-248A897C6454} = {2A6E9CFF-C496-4C30-9576-A1DC7A940893}
		{A010B4CC-5601-4C6F-B5EA-F34CD062920E} = {2A6E9CFF-C496-4C30-9576-A1DC7A940893}
		{9F073BC0-B31B-4175-AEF5-AD010367B5A2} = {2A6E9CFF-C496-4C30-9576-A1DC7A940893}
		{31F5088D-628E-40F6-A914-76A1A3A9A6F2} = {2A6E9CFF-C496-4C30-9576-A1DC7A940893}
		{F48471BF-A75B-167E-DB55-CD299C081A15} = {2A6E9CFF-C496-4C30-9576-A1DC7A940893}
	EndGlobalSection
	GlobalSection(ExtensibilityGlobals) = postSolution
		SolutionGuid = {BC9DB6E1-96EC-4A82-9EA5-54D56FB9590A}
	EndGlobalSection
EndGlobal
